
Microsoft Visual Studio Solution File, Format Version 12.00
# Visual Studio 15
VisualStudioVersion = 15.0.26114.2
MinimumVisualStudioVersion = 10.0.40219.1
Project("{FAE04EC0-301F-11D3-BF4B-00C04F79EFBC}") = "STAN.Client", "net45\STAN.CLIENT\STAN.Client.csproj", "{A92ECD64-3BA4-4AB2-BD58-5E4D97AF972C}"
EndProject
Project("{FAE04EC0-301F-11D3-BF4B-00C04F79EFBC}") = "STAN.Client.UnitTests", "net45\STAN.Client.UnitTests\STAN.Client.UnitTests.csproj", "{72E03EF2-C7AF-49EA-B6E0-1FB8E3204053}"
EndProject
Project("{FAE04EC0-301F-11D3-BF4B-00C04F79EFBC}") = "stan-sub", "net45\examples\stan-sub\stan-sub.csproj", "{F74C9C78-1CE9-440B-A276-8B4FE46BF3E5}"
EndProject
Project("{FAE04EC0-301F-11D3-BF4B-00C04F79EFBC}") = "stan-pub", "net45\examples\stan-pub\stan-pub.csproj", "{7E321D88-4117-456D-B9CF-03F2042D608D}"
EndProject
Project("{FAE04EC0-301F-11D3-BF4B-00C04F79EFBC}") = "STAN.Client.UnitTests", "STAN.Client.UnitTests\STAN.Client.UnitTests.csproj", "{5DDA894B-0F03-4A8E-8492-4D1AB6D224A6}"
EndProject
Project("{FAE04EC0-301F-11D3-BF4B-00C04F79EFBC}") = "STAN.CLIENT", "STAN.CLIENT\STAN.CLIENT.csproj", "{BA7E280E-623F-4F18-86CA-E0FF7152CB98}"
EndProject
Project("{2150E333-8FDC-42A3-9474-1A3956D46DE8}") = "examples", "examples", "{F7EFAD55-A0F9-4BFE-92B1-E190C34F3545}"
EndProject
Project("{FAE04EC0-301F-11D3-BF4B-00C04F79EFBC}") = "stan-sub", "examples\stan-sub\stan-sub.csproj", "{DA5E6A6F-5342-43BB-A8CB-90F24F5D751D}"
EndProject
Project("{FAE04EC0-301F-11D3-BF4B-00C04F79EFBC}") = "stan-pub", "examples\stan-pub\stan-pub.csproj", "{65DDA75E-4D10-4739-A235-F9825D35B77F}"
EndProject
Project("{2150E333-8FDC-42A3-9474-1A3956D46DE8}") = "backup", "backup", "{08BA34DC-1BDD-42F9-84BC-C546C657193B}"
EndProject
Project("{FAE04EC0-301F-11D3-BF4B-00C04F79EFBC}") = "STAN.Client.UnitTests", "backup\STAN.Client.UnitTests\STAN.Client.UnitTests.csproj", "{EECD3F0B-BD82-424C-82E1-DBD1E12DEC72}"
EndProject
Project("{FAE04EC0-301F-11D3-BF4B-00C04F79EFBC}") = "STAN.CLIENT", "backup\STAN.CLIENT\STAN.CLIENT.csproj", "{D88970AB-6CE6-42EF-A823-AC20D0576AD9}"
EndProject
Project("{2150E333-8FDC-42A3-9474-1A3956D46DE8}") = "examples", "examples", "{5CE8FDD8-90BF-4B1B-877E-2C2B800C0628}"
EndProject
Project("{FAE04EC0-301F-11D3-BF4B-00C04F79EFBC}") = "stan-sub", "backup\examples\stan-sub\stan-sub.csproj", "{B4884DF3-5A4B-43B9-8726-299B7335589F}"
EndProject
Project("{FAE04EC0-301F-11D3-BF4B-00C04F79EFBC}") = "stan-pub", "backup\examples\stan-pub\stan-pub.csproj", "{013A96CD-DC54-41B0-A604-D803AC4986D9}"
EndProject
Project("{2150E333-8FDC-42A3-9474-1A3956D46DE8}") = "backup", "backup", "{B785764D-6A65-46A4-833F-58092328D3E6}"
EndProject
Project("{FAE04EC0-301F-11D3-BF4B-00C04F79EFBC}") = "STAN.Client.UnitTests", "backup\backup\STAN.Client.UnitTests\STAN.Client.UnitTests.csproj", "{A87A3C64-BD25-4F2D-926C-0F93A68CA570}"
EndProject
Project("{FAE04EC0-301F-11D3-BF4B-00C04F79EFBC}") = "STAN.CLIENT", "backup\backup\STAN.CLIENT\STAN.CLIENT.csproj", "{30ABA15F-F59D-4D6C-A7D7-C64913699D37}"
EndProject
Project("{2150E333-8FDC-42A3-9474-1A3956D46DE8}") = "examples", "examples", "{B7B74A26-D9E8-47BA-9CC4-2BF239D3A45F}"
EndProject
Project("{FAE04EC0-301F-11D3-BF4B-00C04F79EFBC}") = "stan-sub", "backup\backup\examples\stan-sub\stan-sub.csproj", "{A2A6F558-E0C5-4057-98E9-B6639C9B6ADD}"
EndProject
Project("{FAE04EC0-301F-11D3-BF4B-00C04F79EFBC}") = "stan-pub", "backup\backup\examples\stan-pub\stan-pub.csproj", "{706994E7-EBDB-49CD-8214-535B765DCCB7}"
EndProject
Global
	GlobalSection(SolutionConfigurationPlatforms) = preSolution
		Debug|Any CPU = Debug|Any CPU
		Release|Any CPU = Release|Any CPU
		Debug|x64 = Debug|x64
		Debug|x86 = Debug|x86
		Release|x64 = Release|x64
		Release|x86 = Release|x86
	EndGlobalSection
	GlobalSection(ProjectConfigurationPlatforms) = postSolution
		{A92ECD64-3BA4-4AB2-BD58-5E4D97AF972C}.Debug|Any CPU.ActiveCfg = Debug|Any CPU
		{A92ECD64-3BA4-4AB2-BD58-5E4D97AF972C}.Debug|Any CPU.Build.0 = Debug|Any CPU
		{A92ECD64-3BA4-4AB2-BD58-5E4D97AF972C}.Release|Any CPU.ActiveCfg = Release|Any CPU
		{A92ECD64-3BA4-4AB2-BD58-5E4D97AF972C}.Release|Any CPU.Build.0 = Release|Any CPU
		{72E03EF2-C7AF-49EA-B6E0-1FB8E3204053}.Debug|Any CPU.ActiveCfg = Debug|Any CPU
		{72E03EF2-C7AF-49EA-B6E0-1FB8E3204053}.Debug|Any CPU.Build.0 = Debug|Any CPU
		{72E03EF2-C7AF-49EA-B6E0-1FB8E3204053}.Release|Any CPU.ActiveCfg = Release|Any CPU
		{72E03EF2-C7AF-49EA-B6E0-1FB8E3204053}.Release|Any CPU.Build.0 = Release|Any CPU
		{F74C9C78-1CE9-440B-A276-8B4FE46BF3E5}.Debug|Any CPU.ActiveCfg = Debug|Any CPU
		{F74C9C78-1CE9-440B-A276-8B4FE46BF3E5}.Debug|Any CPU.Build.0 = Debug|Any CPU
		{F74C9C78-1CE9-440B-A276-8B4FE46BF3E5}.Release|Any CPU.ActiveCfg = Release|Any CPU
		{F74C9C78-1CE9-440B-A276-8B4FE46BF3E5}.Release|Any CPU.Build.0 = Release|Any CPU
		{7E321D88-4117-456D-B9CF-03F2042D608D}.Debug|Any CPU.ActiveCfg = Debug|Any CPU
		{7E321D88-4117-456D-B9CF-03F2042D608D}.Debug|Any CPU.Build.0 = Debug|Any CPU
		{7E321D88-4117-456D-B9CF-03F2042D608D}.Release|Any CPU.ActiveCfg = Release|Any CPU
		{7E321D88-4117-456D-B9CF-03F2042D608D}.Release|Any CPU.Build.0 = Release|Any CPU
		{5DDA894B-0F03-4A8E-8492-4D1AB6D224A6}.Debug|Any CPU.ActiveCfg = Debug|Any CPU
		{5DDA894B-0F03-4A8E-8492-4D1AB6D224A6}.Debug|Any CPU.Build.0 = Debug|Any CPU
		{5DDA894B-0F03-4A8E-8492-4D1AB6D224A6}.Debug|x64.ActiveCfg = Debug|x64
		{5DDA894B-0F03-4A8E-8492-4D1AB6D224A6}.Debug|x64.Build.0 = Debug|x64
		{5DDA894B-0F03-4A8E-8492-4D1AB6D224A6}.Debug|x86.ActiveCfg = Debug|x86
		{5DDA894B-0F03-4A8E-8492-4D1AB6D224A6}.Debug|x86.Build.0 = Debug|x86
		{5DDA894B-0F03-4A8E-8492-4D1AB6D224A6}.Release|Any CPU.ActiveCfg = Release|Any CPU
		{5DDA894B-0F03-4A8E-8492-4D1AB6D224A6}.Release|Any CPU.Build.0 = Release|Any CPU
		{5DDA894B-0F03-4A8E-8492-4D1AB6D224A6}.Release|x64.ActiveCfg = Release|x64
		{5DDA894B-0F03-4A8E-8492-4D1AB6D224A6}.Release|x64.Build.0 = Release|x64
		{5DDA894B-0F03-4A8E-8492-4D1AB6D224A6}.Release|x86.ActiveCfg = Release|x86
		{5DDA894B-0F03-4A8E-8492-4D1AB6D224A6}.Release|x86.Build.0 = Release|x86
		{BA7E280E-623F-4F18-86CA-E0FF7152CB98}.Debug|Any CPU.ActiveCfg = Debug|Any CPU
		{BA7E280E-623F-4F18-86CA-E0FF7152CB98}.Debug|Any CPU.Build.0 = Debug|Any CPU
		{BA7E280E-623F-4F18-86CA-E0FF7152CB98}.Debug|x64.ActiveCfg = Debug|x64
		{BA7E280E-623F-4F18-86CA-E0FF7152CB98}.Debug|x64.Build.0 = Debug|x64
		{BA7E280E-623F-4F18-86CA-E0FF7152CB98}.Debug|x86.ActiveCfg = Debug|x86
		{BA7E280E-623F-4F18-86CA-E0FF7152CB98}.Debug|x86.Build.0 = Debug|x86
		{BA7E280E-623F-4F18-86CA-E0FF7152CB98}.Release|Any CPU.ActiveCfg = Release|Any CPU
		{BA7E280E-623F-4F18-86CA-E0FF7152CB98}.Release|Any CPU.Build.0 = Release|Any CPU
		{BA7E280E-623F-4F18-86CA-E0FF7152CB98}.Release|x64.ActiveCfg = Release|x64
		{BA7E280E-623F-4F18-86CA-E0FF7152CB98}.Release|x64.Build.0 = Release|x64
		{BA7E280E-623F-4F18-86CA-E0FF7152CB98}.Release|x86.ActiveCfg = Release|x86
		{BA7E280E-623F-4F18-86CA-E0FF7152CB98}.Release|x86.Build.0 = Release|x86
		{DA5E6A6F-5342-43BB-A8CB-90F24F5D751D}.Debug|Any CPU.ActiveCfg = Debug|Any CPU
		{DA5E6A6F-5342-43BB-A8CB-90F24F5D751D}.Debug|Any CPU.Build.0 = Debug|Any CPU
		{DA5E6A6F-5342-43BB-A8CB-90F24F5D751D}.Debug|x64.ActiveCfg = Debug|x64
		{DA5E6A6F-5342-43BB-A8CB-90F24F5D751D}.Debug|x64.Build.0 = Debug|x64
		{DA5E6A6F-5342-43BB-A8CB-90F24F5D751D}.Debug|x86.ActiveCfg = Debug|x86
		{DA5E6A6F-5342-43BB-A8CB-90F24F5D751D}.Debug|x86.Build.0 = Debug|x86
		{DA5E6A6F-5342-43BB-A8CB-90F24F5D751D}.Release|Any CPU.ActiveCfg = Release|Any CPU
		{DA5E6A6F-5342-43BB-A8CB-90F24F5D751D}.Release|Any CPU.Build.0 = Release|Any CPU
		{DA5E6A6F-5342-43BB-A8CB-90F24F5D751D}.Release|x64.ActiveCfg = Release|x64
		{DA5E6A6F-5342-43BB-A8CB-90F24F5D751D}.Release|x64.Build.0 = Release|x64
		{DA5E6A6F-5342-43BB-A8CB-90F24F5D751D}.Release|x86.ActiveCfg = Release|x86
		{DA5E6A6F-5342-43BB-A8CB-90F24F5D751D}.Release|x86.Build.0 = Release|x86
		{65DDA75E-4D10-4739-A235-F9825D35B77F}.Debug|Any CPU.ActiveCfg = Debug|Any CPU
		{65DDA75E-4D10-4739-A235-F9825D35B77F}.Debug|Any CPU.Build.0 = Debug|Any CPU
		{65DDA75E-4D10-4739-A235-F9825D35B77F}.Debug|x64.ActiveCfg = Debug|x64
		{65DDA75E-4D10-4739-A235-F9825D35B77F}.Debug|x64.Build.0 = Debug|x64
		{65DDA75E-4D10-4739-A235-F9825D35B77F}.Debug|x86.ActiveCfg = Debug|x86
		{65DDA75E-4D10-4739-A235-F9825D35B77F}.Debug|x86.Build.0 = Debug|x86
		{65DDA75E-4D10-4739-A235-F9825D35B77F}.Release|Any CPU.ActiveCfg = Release|Any CPU
		{65DDA75E-4D10-4739-A235-F9825D35B77F}.Release|Any CPU.Build.0 = Release|Any CPU
		{65DDA75E-4D10-4739-A235-F9825D35B77F}.Release|x64.ActiveCfg = Release|x64
		{65DDA75E-4D10-4739-A235-F9825D35B77F}.Release|x64.Build.0 = Release|x64
		{65DDA75E-4D10-4739-A235-F9825D35B77F}.Release|x86.ActiveCfg = Release|x86
		{65DDA75E-4D10-4739-A235-F9825D35B77F}.Release|x86.Build.0 = Release|x86
		{EECD3F0B-BD82-424C-82E1-DBD1E12DEC72}.Debug|Any CPU.ActiveCfg = Debug|Any CPU
		{EECD3F0B-BD82-424C-82E1-DBD1E12DEC72}.Debug|Any CPU.Build.0 = Debug|Any CPU
		{EECD3F0B-BD82-424C-82E1-DBD1E12DEC72}.Debug|x64.ActiveCfg = Debug|x64
		{EECD3F0B-BD82-424C-82E1-DBD1E12DEC72}.Debug|x64.Build.0 = Debug|x64
		{EECD3F0B-BD82-424C-82E1-DBD1E12DEC72}.Debug|x86.ActiveCfg = Debug|x86
		{EECD3F0B-BD82-424C-82E1-DBD1E12DEC72}.Debug|x86.Build.0 = Debug|x86
		{EECD3F0B-BD82-424C-82E1-DBD1E12DEC72}.Release|Any CPU.ActiveCfg = Release|Any CPU
		{EECD3F0B-BD82-424C-82E1-DBD1E12DEC72}.Release|Any CPU.Build.0 = Release|Any CPU
		{EECD3F0B-BD82-424C-82E1-DBD1E12DEC72}.Release|x64.ActiveCfg = Release|x64
		{EECD3F0B-BD82-424C-82E1-DBD1E12DEC72}.Release|x64.Build.0 = Release|x64
		{EECD3F0B-BD82-424C-82E1-DBD1E12DEC72}.Release|x86.ActiveCfg = Release|x86
		{EECD3F0B-BD82-424C-82E1-DBD1E12DEC72}.Release|x86.Build.0 = Release|x86
		{D88970AB-6CE6-42EF-A823-AC20D0576AD9}.Debug|Any CPU.ActiveCfg = Debug|Any CPU
		{D88970AB-6CE6-42EF-A823-AC20D0576AD9}.Debug|Any CPU.Build.0 = Debug|Any CPU
		{D88970AB-6CE6-42EF-A823-AC20D0576AD9}.Debug|x64.ActiveCfg = Debug|x64
		{D88970AB-6CE6-42EF-A823-AC20D0576AD9}.Debug|x64.Build.0 = Debug|x64
		{D88970AB-6CE6-42EF-A823-AC20D0576AD9}.Debug|x86.ActiveCfg = Debug|x86
		{D88970AB-6CE6-42EF-A823-AC20D0576AD9}.Debug|x86.Build.0 = Debug|x86
		{D88970AB-6CE6-42EF-A823-AC20D0576AD9}.Release|Any CPU.ActiveCfg = Release|Any CPU
		{D88970AB-6CE6-42EF-A823-AC20D0576AD9}.Release|Any CPU.Build.0 = Release|Any CPU
		{D88970AB-6CE6-42EF-A823-AC20D0576AD9}.Release|x64.ActiveCfg = Release|x64
		{D88970AB-6CE6-42EF-A823-AC20D0576AD9}.Release|x64.Build.0 = Release|x64
		{D88970AB-6CE6-42EF-A823-AC20D0576AD9}.Release|x86.ActiveCfg = Release|x86
		{D88970AB-6CE6-42EF-A823-AC20D0576AD9}.Release|x86.Build.0 = Release|x86
		{B4884DF3-5A4B-43B9-8726-299B7335589F}.Debug|Any CPU.ActiveCfg = Debug|Any CPU
		{B4884DF3-5A4B-43B9-8726-299B7335589F}.Debug|Any CPU.Build.0 = Debug|Any CPU
		{B4884DF3-5A4B-43B9-8726-299B7335589F}.Debug|x64.ActiveCfg = Debug|x64
		{B4884DF3-5A4B-43B9-8726-299B7335589F}.Debug|x64.Build.0 = Debug|x64
		{B4884DF3-5A4B-43B9-8726-299B7335589F}.Debug|x86.ActiveCfg = Debug|x86
		{B4884DF3-5A4B-43B9-8726-299B7335589F}.Debug|x86.Build.0 = Debug|x86
		{B4884DF3-5A4B-43B9-8726-299B7335589F}.Release|Any CPU.ActiveCfg = Release|Any CPU
		{B4884DF3-5A4B-43B9-8726-299B7335589F}.Release|Any CPU.Build.0 = Release|Any CPU
		{B4884DF3-5A4B-43B9-8726-299B7335589F}.Release|x64.ActiveCfg = Release|x64
		{B4884DF3-5A4B-43B9-8726-299B7335589F}.Release|x64.Build.0 = Release|x64
		{B4884DF3-5A4B-43B9-8726-299B7335589F}.Release|x86.ActiveCfg = Release|x86
		{B4884DF3-5A4B-43B9-8726-299B7335589F}.Release|x86.Build.0 = Release|x86
		{013A96CD-DC54-41B0-A604-D803AC4986D9}.Debug|Any CPU.ActiveCfg = Debug|Any CPU
		{013A96CD-DC54-41B0-A604-D803AC4986D9}.Debug|Any CPU.Build.0 = Debug|Any CPU
		{013A96CD-DC54-41B0-A604-D803AC4986D9}.Debug|x64.ActiveCfg = Debug|x64
		{013A96CD-DC54-41B0-A604-D803AC4986D9}.Debug|x64.Build.0 = Debug|x64
		{013A96CD-DC54-41B0-A604-D803AC4986D9}.Debug|x86.ActiveCfg = Debug|x86
		{013A96CD-DC54-41B0-A604-D803AC4986D9}.Debug|x86.Build.0 = Debug|x86
		{013A96CD-DC54-41B0-A604-D803AC4986D9}.Release|Any CPU.ActiveCfg = Release|Any CPU
		{013A96CD-DC54-41B0-A604-D803AC4986D9}.Release|Any CPU.Build.0 = Release|Any CPU
		{013A96CD-DC54-41B0-A604-D803AC4986D9}.Release|x64.ActiveCfg = Release|x64
		{013A96CD-DC54-41B0-A604-D803AC4986D9}.Release|x64.Build.0 = Release|x64
		{013A96CD-DC54-41B0-A604-D803AC4986D9}.Release|x86.ActiveCfg = Release|x86
		{013A96CD-DC54-41B0-A604-D803AC4986D9}.Release|x86.Build.0 = Release|x86
		{A87A3C64-BD25-4F2D-926C-0F93A68CA570}.Debug|Any CPU.ActiveCfg = Debug|Any CPU
		{A87A3C64-BD25-4F2D-926C-0F93A68CA570}.Debug|Any CPU.Build.0 = Debug|Any CPU
		{A87A3C64-BD25-4F2D-926C-0F93A68CA570}.Debug|x64.ActiveCfg = Debug|x64
		{A87A3C64-BD25-4F2D-926C-0F93A68CA570}.Debug|x64.Build.0 = Debug|x64
		{A87A3C64-BD25-4F2D-926C-0F93A68CA570}.Debug|x86.ActiveCfg = Debug|x86
		{A87A3C64-BD25-4F2D-926C-0F93A68CA570}.Debug|x86.Build.0 = Debug|x86
		{A87A3C64-BD25-4F2D-926C-0F93A68CA570}.Release|Any CPU.ActiveCfg = Release|Any CPU
		{A87A3C64-BD25-4F2D-926C-0F93A68CA570}.Release|Any CPU.Build.0 = Release|Any CPU
		{A87A3C64-BD25-4F2D-926C-0F93A68CA570}.Release|x64.ActiveCfg = Release|x64
		{A87A3C64-BD25-4F2D-926C-0F93A68CA570}.Release|x64.Build.0 = Release|x64
		{A87A3C64-BD25-4F2D-926C-0F93A68CA570}.Release|x86.ActiveCfg = Release|x86
		{A87A3C64-BD25-4F2D-926C-0F93A68CA570}.Release|x86.Build.0 = Release|x86
		{30ABA15F-F59D-4D6C-A7D7-C64913699D37}.Debug|Any CPU.ActiveCfg = Debug|Any CPU
		{30ABA15F-F59D-4D6C-A7D7-C64913699D37}.Debug|Any CPU.Build.0 = Debug|Any CPU
		{30ABA15F-F59D-4D6C-A7D7-C64913699D37}.Debug|x64.ActiveCfg = Debug|x64
		{30ABA15F-F59D-4D6C-A7D7-C64913699D37}.Debug|x64.Build.0 = Debug|x64
		{30ABA15F-F59D-4D6C-A7D7-C64913699D37}.Debug|x86.ActiveCfg = Debug|x86
		{30ABA15F-F59D-4D6C-A7D7-C64913699D37}.Debug|x86.Build.0 = Debug|x86
		{30ABA15F-F59D-4D6C-A7D7-C64913699D37}.Release|Any CPU.ActiveCfg = Release|Any CPU
		{30ABA15F-F59D-4D6C-A7D7-C64913699D37}.Release|Any CPU.Build.0 = Release|Any CPU
		{30ABA15F-F59D-4D6C-A7D7-C64913699D37}.Release|x64.ActiveCfg = Release|x64
		{30ABA15F-F59D-4D6C-A7D7-C64913699D37}.Release|x64.Build.0 = Release|x64
		{30ABA15F-F59D-4D6C-A7D7-C64913699D37}.Release|x86.ActiveCfg = Release|x86
		{30ABA15F-F59D-4D6C-A7D7-C64913699D37}.Release|x86.Build.0 = Release|x86
		{A2A6F558-E0C5-4057-98E9-B6639C9B6ADD}.Debug|Any CPU.ActiveCfg = Debug|Any CPU
		{A2A6F558-E0C5-4057-98E9-B6639C9B6ADD}.Debug|Any CPU.Build.0 = Debug|Any CPU
		{A2A6F558-E0C5-4057-98E9-B6639C9B6ADD}.Debug|x64.ActiveCfg = Debug|x64
		{A2A6F558-E0C5-4057-98E9-B6639C9B6ADD}.Debug|x64.Build.0 = Debug|x64
		{A2A6F558-E0C5-4057-98E9-B6639C9B6ADD}.Debug|x86.ActiveCfg = Debug|x86
		{A2A6F558-E0C5-4057-98E9-B6639C9B6ADD}.Debug|x86.Build.0 = Debug|x86
		{A2A6F558-E0C5-4057-98E9-B6639C9B6ADD}.Release|Any CPU.ActiveCfg = Release|Any CPU
		{A2A6F558-E0C5-4057-98E9-B6639C9B6ADD}.Release|Any CPU.Build.0 = Release|Any CPU
		{A2A6F558-E0C5-4057-98E9-B6639C9B6ADD}.Release|x64.ActiveCfg = Release|x64
		{A2A6F558-E0C5-4057-98E9-B6639C9B6ADD}.Release|x64.Build.0 = Release|x64
		{A2A6F558-E0C5-4057-98E9-B6639C9B6ADD}.Release|x86.ActiveCfg = Release|x86
		{A2A6F558-E0C5-4057-98E9-B6639C9B6ADD}.Release|x86.Build.0 = Release|x86
		{706994E7-EBDB-49CD-8214-535B765DCCB7}.Debug|Any CPU.ActiveCfg = Debug|Any CPU
		{706994E7-EBDB-49CD-8214-535B765DCCB7}.Debug|Any CPU.Build.0 = Debug|Any CPU
		{706994E7-EBDB-49CD-8214-535B765DCCB7}.Debug|x64.ActiveCfg = Debug|x64
		{706994E7-EBDB-49CD-8214-535B765DCCB7}.Debug|x64.Build.0 = Debug|x64
		{706994E7-EBDB-49CD-8214-535B765DCCB7}.Debug|x86.ActiveCfg = Debug|x86
		{706994E7-EBDB-49CD-8214-535B765DCCB7}.Debug|x86.Build.0 = Debug|x86
		{706994E7-EBDB-49CD-8214-535B765DCCB7}.Release|Any CPU.ActiveCfg = Release|Any CPU
		{706994E7-EBDB-49CD-8214-535B765DCCB7}.Release|Any CPU.Build.0 = Release|Any CPU
		{706994E7-EBDB-49CD-8214-535B765DCCB7}.Release|x64.ActiveCfg = Release|x64
		{706994E7-EBDB-49CD-8214-535B765DCCB7}.Release|x64.Build.0 = Release|x64
		{706994E7-EBDB-49CD-8214-535B765DCCB7}.Release|x86.ActiveCfg = Release|x86
		{706994E7-EBDB-49CD-8214-535B765DCCB7}.Release|x86.Build.0 = Release|x86
	EndGlobalSection
	GlobalSection(SolutionProperties) = preSolution
		HideSolutionNode = FALSE
	EndGlobalSection
	GlobalSection(NestedProjects) = preSolution
		{DA5E6A6F-5342-43BB-A8CB-90F24F5D751D} = {F7EFAD55-A0F9-4BFE-92B1-E190C34F3545}
		{65DDA75E-4D10-4739-A235-F9825D35B77F} = {F7EFAD55-A0F9-4BFE-92B1-E190C34F3545}
		{EECD3F0B-BD82-424C-82E1-DBD1E12DEC72} = {08BA34DC-1BDD-42F9-84BC-C546C657193B}
		{D88970AB-6CE6-42EF-A823-AC20D0576AD9} = {08BA34DC-1BDD-42F9-84BC-C546C657193B}
		{5CE8FDD8-90BF-4B1B-877E-2C2B800C0628} = {08BA34DC-1BDD-42F9-84BC-C546C657193B}
		{B4884DF3-5A4B-43B9-8726-299B7335589F} = {5CE8FDD8-90BF-4B1B-877E-2C2B800C0628}
		{013A96CD-DC54-41B0-A604-D803AC4986D9} = {5CE8FDD8-90BF-4B1B-877E-2C2B800C0628}
		{B785764D-6A65-46A4-833F-58092328D3E6} = {08BA34DC-1BDD-42F9-84BC-C546C657193B}
		{A87A3C64-BD25-4F2D-926C-0F93A68CA570} = {B785764D-6A65-46A4-833F-58092328D3E6}
		{30ABA15F-F59D-4D6C-A7D7-C64913699D37} = {B785764D-6A65-46A4-833F-58092328D3E6}
		{B7B74A26-D9E8-47BA-9CC4-2BF239D3A45F} = {B785764D-6A65-46A4-833F-58092328D3E6}
		{A2A6F558-E0C5-4057-98E9-B6639C9B6ADD} = {B7B74A26-D9E8-47BA-9CC4-2BF239D3A45F}
		{706994E7-EBDB-49CD-8214-535B765DCCB7} = {B7B74A26-D9E8-47BA-9CC4-2BF239D3A45F}
	EndGlobalSection
EndGlobal
