
Microsoft Visual Studio Solution File, Format Version 12.00
# Visual Studio 15
VisualStudioVersion = 15.0.26114.2
MinimumVisualStudioVersion = 10.0.40219.1
Project("{FAE04EC0-301F-11D3-BF4B-00C04F79EFBC}") = "STAN.Client.UnitTests", "STAN.Client.UnitTests\STAN.Client.UnitTests.csproj", "{C008700B-C658-49F1-97DF-33F0AC3FBDEB}"
EndProject
Project("{FAE04EC0-301F-11D3-BF4B-00C04F79EFBC}") = "STAN.CLIENT", "STAN.CLIENT\STAN.CLIENT.csproj", "{4176DB2D-BADE-4827-838E-671389CA23F8}"
EndProject
Project("{2150E333-8FDC-42A3-9474-1A3956D46DE8}") = "examples", "examples", "{FF1FD4C9-4D0F-4FA3-95D1-6055EC07FD6A}"
EndProject
Project("{FAE04EC0-301F-11D3-BF4B-00C04F79EFBC}") = "stan-sub", "examples\stan-sub\stan-sub.csproj", "{78559277-E265-4462-96DC-F997F4059030}"
EndProject
Project("{FAE04EC0-301F-11D3-BF4B-00C04F79EFBC}") = "stan-pub", "examples\stan-pub\stan-pub.csproj", "{96C762B1-5E1D-4E88-9053-C678CC123965}"
EndProject
Project("{2150E333-8FDC-42A3-9474-1A3956D46DE8}") = "backup", "backup", "{648F07B7-15DC-4343-A11A-724108C261C9}"
EndProject
Project("{FAE04EC0-301F-11D3-BF4B-00C04F79EFBC}") = "STAN.Client.UnitTests", "backup\STAN.Client.UnitTests\STAN.Client.UnitTests.csproj", "{A055618B-4858-4178-8E46-9890B3397C32}"
EndProject
Project("{FAE04EC0-301F-11D3-BF4B-00C04F79EFBC}") = "STAN.CLIENT", "backup\STAN.CLIENT\STAN.CLIENT.csproj", "{13576840-C698-4246-8978-0873FED496FA}"
EndProject
Project("{2150E333-8FDC-42A3-9474-1A3956D46DE8}") = "examples", "examples", "{C59C7D3B-8255-4892-B038-57AA5899710F}"
EndProject
Project("{FAE04EC0-301F-11D3-BF4B-00C04F79EFBC}") = "stan-sub", "backup\examples\stan-sub\stan-sub.csproj", "{ED885EAF-3968-4635-9305-3C5C0FE00ABC}"
EndProject
Project("{FAE04EC0-301F-11D3-BF4B-00C04F79EFBC}") = "stan-pub", "backup\examples\stan-pub\stan-pub.csproj", "{D44D7EA3-E890-4389-B3E8-18BA54E5A26F}"
EndProject
Project("{2150E333-8FDC-42A3-9474-1A3956D46DE8}") = "backup", "backup", "{09608AEA-BBCE-4E3A-BD80-836E6A0D70AF}"
EndProject
Project("{FAE04EC0-301F-11D3-BF4B-00C04F79EFBC}") = "STAN.Client.UnitTests", "backup\backup\STAN.Client.UnitTests\STAN.Client.UnitTests.csproj", "{F2E1C515-E659-4E21-BEEF-F78F176AC549}"
EndProject
Project("{FAE04EC0-301F-11D3-BF4B-00C04F79EFBC}") = "STAN.CLIENT", "backup\backup\STAN.CLIENT\STAN.CLIENT.csproj", "{99E3C088-91DA-4D65-9E76-9799DFE5EC74}"
EndProject
Project("{2150E333-8FDC-42A3-9474-1A3956D46DE8}") = "examples", "examples", "{20773ABD-3503-406E-9D02-B8C3300584EB}"
EndProject
Project("{FAE04EC0-301F-11D3-BF4B-00C04F79EFBC}") = "stan-sub", "backup\backup\examples\stan-sub\stan-sub.csproj", "{51C6ED54-93D3-4CD0-8CA7-65BE1BE5F4D3}"
EndProject
Project("{FAE04EC0-301F-11D3-BF4B-00C04F79EFBC}") = "stan-pub", "backup\backup\examples\stan-pub\stan-pub.csproj", "{6004F82B-026D-4628-9ACF-C008C0269646}"
EndProject
Global
	GlobalSection(SolutionConfigurationPlatforms) = preSolution
		Debug|Any CPU = Debug|Any CPU
		Release|Any CPU = Release|Any CPU
		Debug|x64 = Debug|x64
		Debug|x86 = Debug|x86
		Release|x64 = Release|x64
		Release|x86 = Release|x86
	EndGlobalSection
	GlobalSection(ProjectConfigurationPlatforms) = postSolution
		{C008700B-C658-49F1-97DF-33F0AC3FBDEB}.Debug|Any CPU.ActiveCfg = Debug|Any CPU
		{C008700B-C658-49F1-97DF-33F0AC3FBDEB}.Debug|Any CPU.Build.0 = Debug|Any CPU
		{C008700B-C658-49F1-97DF-33F0AC3FBDEB}.Debug|x64.ActiveCfg = Debug|x64
		{C008700B-C658-49F1-97DF-33F0AC3FBDEB}.Debug|x64.Build.0 = Debug|x64
		{C008700B-C658-49F1-97DF-33F0AC3FBDEB}.Debug|x86.ActiveCfg = Debug|x86
		{C008700B-C658-49F1-97DF-33F0AC3FBDEB}.Debug|x86.Build.0 = Debug|x86
		{C008700B-C658-49F1-97DF-33F0AC3FBDEB}.Release|Any CPU.ActiveCfg = Release|Any CPU
		{C008700B-C658-49F1-97DF-33F0AC3FBDEB}.Release|Any CPU.Build.0 = Release|Any CPU
		{C008700B-C658-49F1-97DF-33F0AC3FBDEB}.Release|x64.ActiveCfg = Release|x64
		{C008700B-C658-49F1-97DF-33F0AC3FBDEB}.Release|x64.Build.0 = Release|x64
		{C008700B-C658-49F1-97DF-33F0AC3FBDEB}.Release|x86.ActiveCfg = Release|x86
		{C008700B-C658-49F1-97DF-33F0AC3FBDEB}.Release|x86.Build.0 = Release|x86
		{4176DB2D-BADE-4827-838E-671389CA23F8}.Debug|Any CPU.ActiveCfg = Debug|Any CPU
		{4176DB2D-BADE-4827-838E-671389CA23F8}.Debug|Any CPU.Build.0 = Debug|Any CPU
		{4176DB2D-BADE-4827-838E-671389CA23F8}.Debug|x64.ActiveCfg = Debug|x64
		{4176DB2D-BADE-4827-838E-671389CA23F8}.Debug|x64.Build.0 = Debug|x64
		{4176DB2D-BADE-4827-838E-671389CA23F8}.Debug|x86.ActiveCfg = Debug|x86
		{4176DB2D-BADE-4827-838E-671389CA23F8}.Debug|x86.Build.0 = Debug|x86
		{4176DB2D-BADE-4827-838E-671389CA23F8}.Release|Any CPU.ActiveCfg = Release|Any CPU
		{4176DB2D-BADE-4827-838E-671389CA23F8}.Release|Any CPU.Build.0 = Release|Any CPU
		{4176DB2D-BADE-4827-838E-671389CA23F8}.Release|x64.ActiveCfg = Release|x64
		{4176DB2D-BADE-4827-838E-671389CA23F8}.Release|x64.Build.0 = Release|x64
		{4176DB2D-BADE-4827-838E-671389CA23F8}.Release|x86.ActiveCfg = Release|x86
		{4176DB2D-BADE-4827-838E-671389CA23F8}.Release|x86.Build.0 = Release|x86
		{78559277-E265-4462-96DC-F997F4059030}.Debug|Any CPU.ActiveCfg = Debug|Any CPU
		{78559277-E265-4462-96DC-F997F4059030}.Debug|Any CPU.Build.0 = Debug|Any CPU
		{78559277-E265-4462-96DC-F997F4059030}.Debug|x64.ActiveCfg = Debug|x64
		{78559277-E265-4462-96DC-F997F4059030}.Debug|x64.Build.0 = Debug|x64
		{78559277-E265-4462-96DC-F997F4059030}.Debug|x86.ActiveCfg = Debug|x86
		{78559277-E265-4462-96DC-F997F4059030}.Debug|x86.Build.0 = Debug|x86
		{78559277-E265-4462-96DC-F997F4059030}.Release|Any CPU.ActiveCfg = Release|Any CPU
		{78559277-E265-4462-96DC-F997F4059030}.Release|Any CPU.Build.0 = Release|Any CPU
		{78559277-E265-4462-96DC-F997F4059030}.Release|x64.ActiveCfg = Release|x64
		{78559277-E265-4462-96DC-F997F4059030}.Release|x64.Build.0 = Release|x64
		{78559277-E265-4462-96DC-F997F4059030}.Release|x86.ActiveCfg = Release|x86
		{78559277-E265-4462-96DC-F997F4059030}.Release|x86.Build.0 = Release|x86
		{96C762B1-5E1D-4E88-9053-C678CC123965}.Debug|Any CPU.ActiveCfg = Debug|Any CPU
		{96C762B1-5E1D-4E88-9053-C678CC123965}.Debug|Any CPU.Build.0 = Debug|Any CPU
		{96C762B1-5E1D-4E88-9053-C678CC123965}.Debug|x64.ActiveCfg = Debug|x64
		{96C762B1-5E1D-4E88-9053-C678CC123965}.Debug|x64.Build.0 = Debug|x64
		{96C762B1-5E1D-4E88-9053-C678CC123965}.Debug|x86.ActiveCfg = Debug|x86
		{96C762B1-5E1D-4E88-9053-C678CC123965}.Debug|x86.Build.0 = Debug|x86
		{96C762B1-5E1D-4E88-9053-C678CC123965}.Release|Any CPU.ActiveCfg = Release|Any CPU
		{96C762B1-5E1D-4E88-9053-C678CC123965}.Release|Any CPU.Build.0 = Release|Any CPU
		{96C762B1-5E1D-4E88-9053-C678CC123965}.Release|x64.ActiveCfg = Release|x64
		{96C762B1-5E1D-4E88-9053-C678CC123965}.Release|x64.Build.0 = Release|x64
		{96C762B1-5E1D-4E88-9053-C678CC123965}.Release|x86.ActiveCfg = Release|x86
		{96C762B1-5E1D-4E88-9053-C678CC123965}.Release|x86.Build.0 = Release|x86
		{A055618B-4858-4178-8E46-9890B3397C32}.Debug|Any CPU.ActiveCfg = Debug|Any CPU
		{A055618B-4858-4178-8E46-9890B3397C32}.Debug|Any CPU.Build.0 = Debug|Any CPU
		{A055618B-4858-4178-8E46-9890B3397C32}.Debug|x64.ActiveCfg = Debug|x64
		{A055618B-4858-4178-8E46-9890B3397C32}.Debug|x64.Build.0 = Debug|x64
		{A055618B-4858-4178-8E46-9890B3397C32}.Debug|x86.ActiveCfg = Debug|x86
		{A055618B-4858-4178-8E46-9890B3397C32}.Debug|x86.Build.0 = Debug|x86
		{A055618B-4858-4178-8E46-9890B3397C32}.Release|Any CPU.ActiveCfg = Release|Any CPU
		{A055618B-4858-4178-8E46-9890B3397C32}.Release|Any CPU.Build.0 = Release|Any CPU
		{A055618B-4858-4178-8E46-9890B3397C32}.Release|x64.ActiveCfg = Release|x64
		{A055618B-4858-4178-8E46-9890B3397C32}.Release|x64.Build.0 = Release|x64
		{A055618B-4858-4178-8E46-9890B3397C32}.Release|x86.ActiveCfg = Release|x86
		{A055618B-4858-4178-8E46-9890B3397C32}.Release|x86.Build.0 = Release|x86
		{13576840-C698-4246-8978-0873FED496FA}.Debug|Any CPU.ActiveCfg = Debug|Any CPU
		{13576840-C698-4246-8978-0873FED496FA}.Debug|Any CPU.Build.0 = Debug|Any CPU
		{13576840-C698-4246-8978-0873FED496FA}.Debug|x64.ActiveCfg = Debug|x64
		{13576840-C698-4246-8978-0873FED496FA}.Debug|x64.Build.0 = Debug|x64
		{13576840-C698-4246-8978-0873FED496FA}.Debug|x86.ActiveCfg = Debug|x86
		{13576840-C698-4246-8978-0873FED496FA}.Debug|x86.Build.0 = Debug|x86
		{13576840-C698-4246-8978-0873FED496FA}.Release|Any CPU.ActiveCfg = Release|Any CPU
		{13576840-C698-4246-8978-0873FED496FA}.Release|Any CPU.Build.0 = Release|Any CPU
		{13576840-C698-4246-8978-0873FED496FA}.Release|x64.ActiveCfg = Release|x64
		{13576840-C698-4246-8978-0873FED496FA}.Release|x64.Build.0 = Release|x64
		{13576840-C698-4246-8978-0873FED496FA}.Release|x86.ActiveCfg = Release|x86
		{13576840-C698-4246-8978-0873FED496FA}.Release|x86.Build.0 = Release|x86
		{ED885EAF-3968-4635-9305-3C5C0FE00ABC}.Debug|Any CPU.ActiveCfg = Debug|Any CPU
		{ED885EAF-3968-4635-9305-3C5C0FE00ABC}.Debug|Any CPU.Build.0 = Debug|Any CPU
		{ED885EAF-3968-4635-9305-3C5C0FE00ABC}.Debug|x64.ActiveCfg = Debug|x64
		{ED885EAF-3968-4635-9305-3C5C0FE00ABC}.Debug|x64.Build.0 = Debug|x64
		{ED885EAF-3968-4635-9305-3C5C0FE00ABC}.Debug|x86.ActiveCfg = Debug|x86
		{ED885EAF-3968-4635-9305-3C5C0FE00ABC}.Debug|x86.Build.0 = Debug|x86
		{ED885EAF-3968-4635-9305-3C5C0FE00ABC}.Release|Any CPU.ActiveCfg = Release|Any CPU
		{ED885EAF-3968-4635-9305-3C5C0FE00ABC}.Release|Any CPU.Build.0 = Release|Any CPU
		{ED885EAF-3968-4635-9305-3C5C0FE00ABC}.Release|x64.ActiveCfg = Release|x64
		{ED885EAF-3968-4635-9305-3C5C0FE00ABC}.Release|x64.Build.0 = Release|x64
		{ED885EAF-3968-4635-9305-3C5C0FE00ABC}.Release|x86.ActiveCfg = Release|x86
		{ED885EAF-3968-4635-9305-3C5C0FE00ABC}.Release|x86.Build.0 = Release|x86
		{D44D7EA3-E890-4389-B3E8-18BA54E5A26F}.Debug|Any CPU.ActiveCfg = Debug|Any CPU
		{D44D7EA3-E890-4389-B3E8-18BA54E5A26F}.Debug|Any CPU.Build.0 = Debug|Any CPU
		{D44D7EA3-E890-4389-B3E8-18BA54E5A26F}.Debug|x64.ActiveCfg = Debug|x64
		{D44D7EA3-E890-4389-B3E8-18BA54E5A26F}.Debug|x64.Build.0 = Debug|x64
		{D44D7EA3-E890-4389-B3E8-18BA54E5A26F}.Debug|x86.ActiveCfg = Debug|x86
		{D44D7EA3-E890-4389-B3E8-18BA54E5A26F}.Debug|x86.Build.0 = Debug|x86
		{D44D7EA3-E890-4389-B3E8-18BA54E5A26F}.Release|Any CPU.ActiveCfg = Release|Any CPU
		{D44D7EA3-E890-4389-B3E8-18BA54E5A26F}.Release|Any CPU.Build.0 = Release|Any CPU
		{D44D7EA3-E890-4389-B3E8-18BA54E5A26F}.Release|x64.ActiveCfg = Release|x64
		{D44D7EA3-E890-4389-B3E8-18BA54E5A26F}.Release|x64.Build.0 = Release|x64
		{D44D7EA3-E890-4389-B3E8-18BA54E5A26F}.Release|x86.ActiveCfg = Release|x86
		{D44D7EA3-E890-4389-B3E8-18BA54E5A26F}.Release|x86.Build.0 = Release|x86
		{F2E1C515-E659-4E21-BEEF-F78F176AC549}.Debug|Any CPU.ActiveCfg = Debug|Any CPU
		{F2E1C515-E659-4E21-BEEF-F78F176AC549}.Debug|Any CPU.Build.0 = Debug|Any CPU
		{F2E1C515-E659-4E21-BEEF-F78F176AC549}.Debug|x64.ActiveCfg = Debug|x64
		{F2E1C515-E659-4E21-BEEF-F78F176AC549}.Debug|x64.Build.0 = Debug|x64
		{F2E1C515-E659-4E21-BEEF-F78F176AC549}.Debug|x86.ActiveCfg = Debug|x86
		{F2E1C515-E659-4E21-BEEF-F78F176AC549}.Debug|x86.Build.0 = Debug|x86
		{F2E1C515-E659-4E21-BEEF-F78F176AC549}.Release|Any CPU.ActiveCfg = Release|Any CPU
		{F2E1C515-E659-4E21-BEEF-F78F176AC549}.Release|Any CPU.Build.0 = Release|Any CPU
		{F2E1C515-E659-4E21-BEEF-F78F176AC549}.Release|x64.ActiveCfg = Release|x64
		{F2E1C515-E659-4E21-BEEF-F78F176AC549}.Release|x64.Build.0 = Release|x64
		{F2E1C515-E659-4E21-BEEF-F78F176AC549}.Release|x86.ActiveCfg = Release|x86
		{F2E1C515-E659-4E21-BEEF-F78F176AC549}.Release|x86.Build.0 = Release|x86
		{99E3C088-91DA-4D65-9E76-9799DFE5EC74}.Debug|Any CPU.ActiveCfg = Debug|Any CPU
		{99E3C088-91DA-4D65-9E76-9799DFE5EC74}.Debug|Any CPU.Build.0 = Debug|Any CPU
		{99E3C088-91DA-4D65-9E76-9799DFE5EC74}.Debug|x64.ActiveCfg = Debug|x64
		{99E3C088-91DA-4D65-9E76-9799DFE5EC74}.Debug|x64.Build.0 = Debug|x64
		{99E3C088-91DA-4D65-9E76-9799DFE5EC74}.Debug|x86.ActiveCfg = Debug|x86
		{99E3C088-91DA-4D65-9E76-9799DFE5EC74}.Debug|x86.Build.0 = Debug|x86
		{99E3C088-91DA-4D65-9E76-9799DFE5EC74}.Release|Any CPU.ActiveCfg = Release|Any CPU
		{99E3C088-91DA-4D65-9E76-9799DFE5EC74}.Release|Any CPU.Build.0 = Release|Any CPU
		{99E3C088-91DA-4D65-9E76-9799DFE5EC74}.Release|x64.ActiveCfg = Release|x64
		{99E3C088-91DA-4D65-9E76-9799DFE5EC74}.Release|x64.Build.0 = Release|x64
		{99E3C088-91DA-4D65-9E76-9799DFE5EC74}.Release|x86.ActiveCfg = Release|x86
		{99E3C088-91DA-4D65-9E76-9799DFE5EC74}.Release|x86.Build.0 = Release|x86
		{51C6ED54-93D3-4CD0-8CA7-65BE1BE5F4D3}.Debug|Any CPU.ActiveCfg = Debug|Any CPU
		{51C6ED54-93D3-4CD0-8CA7-65BE1BE5F4D3}.Debug|Any CPU.Build.0 = Debug|Any CPU
		{51C6ED54-93D3-4CD0-8CA7-65BE1BE5F4D3}.Debug|x64.ActiveCfg = Debug|x64
		{51C6ED54-93D3-4CD0-8CA7-65BE1BE5F4D3}.Debug|x64.Build.0 = Debug|x64
		{51C6ED54-93D3-4CD0-8CA7-65BE1BE5F4D3}.Debug|x86.ActiveCfg = Debug|x86
		{51C6ED54-93D3-4CD0-8CA7-65BE1BE5F4D3}.Debug|x86.Build.0 = Debug|x86
		{51C6ED54-93D3-4CD0-8CA7-65BE1BE5F4D3}.Release|Any CPU.ActiveCfg = Release|Any CPU
		{51C6ED54-93D3-4CD0-8CA7-65BE1BE5F4D3}.Release|Any CPU.Build.0 = Release|Any CPU
		{51C6ED54-93D3-4CD0-8CA7-65BE1BE5F4D3}.Release|x64.ActiveCfg = Release|x64
		{51C6ED54-93D3-4CD0-8CA7-65BE1BE5F4D3}.Release|x64.Build.0 = Release|x64
		{51C6ED54-93D3-4CD0-8CA7-65BE1BE5F4D3}.Release|x86.ActiveCfg = Release|x86
		{51C6ED54-93D3-4CD0-8CA7-65BE1BE5F4D3}.Release|x86.Build.0 = Release|x86
		{6004F82B-026D-4628-9ACF-C008C0269646}.Debug|Any CPU.ActiveCfg = Debug|Any CPU
		{6004F82B-026D-4628-9ACF-C008C0269646}.Debug|Any CPU.Build.0 = Debug|Any CPU
		{6004F82B-026D-4628-9ACF-C008C0269646}.Debug|x64.ActiveCfg = Debug|x64
		{6004F82B-026D-4628-9ACF-C008C0269646}.Debug|x64.Build.0 = Debug|x64
		{6004F82B-026D-4628-9ACF-C008C0269646}.Debug|x86.ActiveCfg = Debug|x86
		{6004F82B-026D-4628-9ACF-C008C0269646}.Debug|x86.Build.0 = Debug|x86
		{6004F82B-026D-4628-9ACF-C008C0269646}.Release|Any CPU.ActiveCfg = Release|Any CPU
		{6004F82B-026D-4628-9ACF-C008C0269646}.Release|Any CPU.Build.0 = Release|Any CPU
		{6004F82B-026D-4628-9ACF-C008C0269646}.Release|x64.ActiveCfg = Release|x64
		{6004F82B-026D-4628-9ACF-C008C0269646}.Release|x64.Build.0 = Release|x64
		{6004F82B-026D-4628-9ACF-C008C0269646}.Release|x86.ActiveCfg = Release|x86
		{6004F82B-026D-4628-9ACF-C008C0269646}.Release|x86.Build.0 = Release|x86
	EndGlobalSection
	GlobalSection(SolutionProperties) = preSolution
		HideSolutionNode = FALSE
	EndGlobalSection
	GlobalSection(NestedProjects) = preSolution
		{78559277-E265-4462-96DC-F997F4059030} = {FF1FD4C9-4D0F-4FA3-95D1-6055EC07FD6A}
		{96C762B1-5E1D-4E88-9053-C678CC123965} = {FF1FD4C9-4D0F-4FA3-95D1-6055EC07FD6A}
		{A055618B-4858-4178-8E46-9890B3397C32} = {648F07B7-15DC-4343-A11A-724108C261C9}
		{13576840-C698-4246-8978-0873FED496FA} = {648F07B7-15DC-4343-A11A-724108C261C9}
		{C59C7D3B-8255-4892-B038-57AA5899710F} = {648F07B7-15DC-4343-A11A-724108C261C9}
		{ED885EAF-3968-4635-9305-3C5C0FE00ABC} = {C59C7D3B-8255-4892-B038-57AA5899710F}
		{D44D7EA3-E890-4389-B3E8-18BA54E5A26F} = {C59C7D3B-8255-4892-B038-57AA5899710F}
		{09608AEA-BBCE-4E3A-BD80-836E6A0D70AF} = {648F07B7-15DC-4343-A11A-724108C261C9}
		{F2E1C515-E659-4E21-BEEF-F78F176AC549} = {09608AEA-BBCE-4E3A-BD80-836E6A0D70AF}
		{99E3C088-91DA-4D65-9E76-9799DFE5EC74} = {09608AEA-BBCE-4E3A-BD80-836E6A0D70AF}
		{20773ABD-3503-406E-9D02-B8C3300584EB} = {09608AEA-BBCE-4E3A-BD80-836E6A0D70AF}
		{51C6ED54-93D3-4CD0-8CA7-65BE1BE5F4D3} = {20773ABD-3503-406E-9D02-B8C3300584EB}
		{6004F82B-026D-4628-9ACF-C008C0269646} = {20773ABD-3503-406E-9D02-B8C3300584EB}
	EndGlobalSection
EndGlobal
