
Microsoft Visual Studio Solution File, Format Version 12.00
Project("{FAE04EC0-301F-11D3-BF4B-00C04F79EFBC}") = "STAN.CLIENT", "STAN.CLIENT.csproj", "{481C4F9B-C78B-444B-A781-D53BECA5887E}"
EndProject
Global
	GlobalSection(SolutionConfigurationPlatforms) = preSolution
		Debug|Any CPU = Debug|Any CPU
		Release|Any CPU = Release|Any CPU
	EndGlobalSection
	GlobalSection(ProjectConfigurationPlatforms) = postSolution
		{481C4F9B-C78B-444B-A781-D53BECA5887E}.Debug|Any CPU.ActiveCfg = Debug|Any CPU
		{481C4F9B-C78B-444B-A781-D53BECA5887E}.Debug|Any CPU.Build.0 = Debug|Any CPU
		{481C4F9B-C78B-444B-A781-D53BECA5887E}.Release|Any CPU.ActiveCfg = Release|Any CPU
		{481C4F9B-C78B-444B-A781-D53BECA5887E}.Release|Any CPU.Build.0 = Release|Any CPU
	EndGlobalSection
EndGlobal
